
Microsoft Visual Studio Solution File, Format Version 11.00
# Visual Studio 2010
Project("{FAE04EC0-301F-11D3-BF4B-00C04F79EFBC}") = "PathFinding", "Assembly-CSharp.csproj", "{ED04DC06-2331-8A03-C348-D59CF084D6CD}"
EndProject
Project("{FAE04EC0-301F-11D3-BF4B-00C04F79EFBC}") = "PathFinding", "Assembly-CSharp-Editor.csproj", "{AFB5226A-B85F-9772-623C-7AFEFF5DCDA9}"
EndProject
Global
	GlobalSection(SolutionConfigurationPlatforms) = preSolution
		Debug|Any CPU = Debug|Any CPU
		Release|Any CPU = Release|Any CPU
	EndGlobalSection
	GlobalSection(ProjectConfigurationPlatforms) = postSolution
		{ED04DC06-2331-8A03-C348-D59CF084D6CD}.Debug|Any CPU.ActiveCfg = Debug|Any CPU
		{ED04DC06-2331-8A03-C348-D59CF084D6CD}.Debug|Any CPU.Build.0 = Debug|Any CPU
		{ED04DC06-2331-8A03-C348-D59CF084D6CD}.Release|Any CPU.ActiveCfg = Release|Any CPU
		{ED04DC06-2331-8A03-C348-D59CF084D6CD}.Release|Any CPU.Build.0 = Release|Any CPU
		{AFB5226A-B85F-9772-623C-7AFEFF5DCDA9}.Debug|Any CPU.ActiveCfg = Debug|Any CPU
		{AFB5226A-B85F-9772-623C-7AFEFF5DCDA9}.Debug|Any CPU.Build.0 = Debug|Any CPU
		{AFB5226A-B85F-9772-623C-7AFEFF5DCDA9}.Release|Any CPU.ActiveCfg = Release|Any CPU
		{AFB5226A-B85F-9772-623C-7AFEFF5DCDA9}.Release|Any CPU.Build.0 = Release|Any CPU
	EndGlobalSection
	GlobalSection(SolutionProperties) = preSolution
		HideSolutionNode = FALSE
	EndGlobalSection
	GlobalSection(MonoDevelopProperties) = preSolution
		StartupItem = Assembly-CSharp.csproj
	EndGlobalSection
EndGlobal
